[[package]]
name = "beautifulsoup4"
version = "4.10.0"
requires_python = ">3.0.0"
summary = "Screen-scraping library"
dependencies = [
    "soupsieve>1.2",
]

[[package]]
name = "certifi"
version = "2021.10.8"
summary = "Python package for providing Mozilla's CA Bundle."

[[package]]
name = "charset-normalizer"
version = "2.0.10"
requires_python = ">=3.5.0"
summary = "The Real First Universal Charset Detector. Open, modern and actively maintained alternative to Chardet."

[[package]]
name = "click"
version = "8.0.4"
requires_python = ">=3.6"
summary = "Composable command line interface toolkit"
dependencies = [
    "colorama; platform_system == \"Windows\"",
]

[[package]]
name = "colorama"
version = "0.4.4"
requires_python = ">=2.7, !=3.0.*, !=3.1.*, !=3.2.*, !=3.3.*, !=3.4.*"
summary = "Cross-platform colored terminal text."

[[package]]
name = "idna"
version = "3.3"
requires_python = ">=3.5"
summary = "Internationalized Domain Names in Applications (IDNA)"

[[package]]
name = "requests"
version = "2.27.1"
requires_python = ">=2.7, !=3.0.*, !=3.1.*, !=3.2.*, !=3.3.*, !=3.4.*, !=3.5.*"
summary = "Python HTTP for Humans."
dependencies = [
    "certifi>=2017.4.17",
    "charset-normalizer~=2.0.0; python_version >= \"3\"",
    "idna<4,>=2.5; python_version >= \"3\"",
    "urllib3<1.27,>=1.21.1",
]

[[package]]
name = "soupsieve"
version = "2.3.1"
requires_python = ">=3.6"
summary = "A modern CSS selector implementation for Beautiful Soup."

[[package]]
name = "typer"
version = "0.4.0"
requires_python = ">=3.6"
summary = "Typer, build great CLIs. Easy to code. Based on Python type hints."
dependencies = [
    "click<9.0.0,>=7.1.1",
]

[[package]]
name = "types-beautifulsoup4"
version = "4.10.10"
summary = "Typing stubs for beautifulsoup4"

[[package]]
name = "types-requests"
version = "2.27.4"
summary = "Typing stubs for requests"
dependencies = [
    "types-urllib3<1.27",
]

[[package]]
name = "types-urllib3"
version = "1.26.2"
summary = "Typing stubs for urllib3"

[[package]]
name = "urllib3"
version = "1.26.8"
requires_python = ">=2.7, !=3.0.*, !=3.1.*, !=3.2.*, !=3.3.*, !=3.4.*, <4"
summary = "HTTP library with thread-safe connection pooling, file post, and more."

[metadata]
lock_version = "3.1"
content_hash = "sha256:cbbc95363a59be6cd57d9e0af845bc02b1d8ec00995db2aad8a4386b8021d739"

[metadata.files]
"beautifulsoup4 4.10.0" = [
    {file = "beautifulsoup4-4.10.0-py3-none-any.whl", hash = "sha256:9a315ce70049920ea4572a4055bc4bd700c940521d36fc858205ad4fcde149bf"},
    {file = "beautifulsoup4-4.10.0.tar.gz", hash = "sha256:c23ad23c521d818955a4151a67d81580319d4bf548d3d49f4223ae041ff98891"},
]
"certifi 2021.10.8" = [
    {file = "certifi-2021.10.8-py2.py3-none-any.whl", hash = "sha256:d62a0163eb4c2344ac042ab2bdf75399a71a2d8c7d47eac2e2ee91b9d6339569"},
    {file = "certifi-2021.10.8.tar.gz", hash = "sha256:78884e7c1d4b00ce3cea67b44566851c4343c120abd683433ce934a68ea58872"},
]
"charset-normalizer 2.0.10" = [
    {file = "charset_normalizer-2.0.10-py3-none-any.whl", hash = "sha256:cb957888737fc0bbcd78e3df769addb41fd1ff8cf950dc9e7ad7793f1bf44455"},
    {file = "charset-normalizer-2.0.10.tar.gz", hash = "sha256:876d180e9d7432c5d1dfd4c5d26b72f099d503e8fcc0feb7532c9289be60fcbd"},
]
"click 8.0.4" = [
    {file = "click-8.0.4-py3-none-any.whl", hash = "sha256:6a7a62563bbfabfda3a38f3023a1db4a35978c0abd76f6c9605ecd6554d6d9b1"},
    {file = "click-8.0.4.tar.gz", hash = "sha256:8458d7b1287c5fb128c90e23381cf99dcde74beaf6c7ff6384ce84d6fe090adb"},
]
"colorama 0.4.4" = [
    {file = "colorama-0.4.4-py2.py3-none-any.whl", hash = "sha256:9f47eda37229f68eee03b24b9748937c7dc3868f906e8ba69fbcbdd3bc5dc3e2"},
    {file = "colorama-0.4.4.tar.gz", hash = "sha256:5941b2b48a20143d2267e95b1c2a7603ce057ee39fd88e7329b0c292aa16869b"},
]
"idna 3.3" = [
    {file = "idna-3.3-py3-none-any.whl", hash = "sha256:84d9dd047ffa80596e0f246e2eab0b391788b0503584e8945f2368256d2735ff"},
    {file = "idna-3.3.tar.gz", hash = "sha256:9d643ff0a55b762d5cdb124b8eaa99c66322e2157b69160bc32796e824360e6d"},
]
"requests 2.27.1" = [
    {file = "requests-2.27.1-py2.py3-none-any.whl", hash = "sha256:f22fa1e554c9ddfd16e6e41ac79759e17be9e492b3587efa038054674760e72d"},
    {file = "requests-2.27.1.tar.gz", hash = "sha256:68d7c56fd5a8999887728ef304a6d12edc7be74f1cfa47714fc8b414525c9a61"},
]
"soupsieve 2.3.1" = [
    {file = "soupsieve-2.3.1-py3-none-any.whl", hash = "sha256:1a3cca2617c6b38c0343ed661b1fa5de5637f257d4fe22bd9f1338010a1efefb"},
    {file = "soupsieve-2.3.1.tar.gz", hash = "sha256:b8d49b1cd4f037c7082a9683dfa1801aa2597fb11c3a1155b7a5b94829b4f1f9"},
]
"typer 0.4.0" = [
    {file = "typer-0.4.0-py3-none-any.whl", hash = "sha256:d81169725140423d072df464cad1ff25ee154ef381aaf5b8225352ea187ca338"},
    {file = "typer-0.4.0.tar.gz", hash = "sha256:63c3aeab0549750ffe40da79a1b524f60e08a2cbc3126c520ebf2eeaf507f5dd"},
]
"types-beautifulsoup4 4.10.10" = [
    {file = "types_beautifulsoup4-4.10.10-py3-none-any.whl", hash = "sha256:68b58305c9f9742a96262c1c44e46f713af610fe63f161a61880326a871dbeba"},
    {file = "types-beautifulsoup4-4.10.10.tar.gz", hash = "sha256:58ea70e4a90c3e92157d01f5d27dfa22f4852cc9bb36fbb237aa28c9f36efc20"},
]
"types-requests 2.27.4" = [
    {file = "types_requests-2.27.4-py3-none-any.whl", hash = "sha256:4cd7278f5ec796a5afb89f6f01a26900feb13c30e6b282c425e68c91f437c9e7"},
    {file = "types-requests-2.27.4.tar.gz", hash = "sha256:2f53640338fe0ebc795da5ccced5450d8ab7be6ef3789038ee7152f03f76550a"},
]
"types-urllib3 1.26.2" = [
    {file = "types_urllib3-1.26.2-py3-none-any.whl", hash = "sha256:c21997c160dcdfb3018a7b28e31df88d326d30485833fadd79ad3d00c61e5108"},
    {file = "types-urllib3-1.26.2.tar.gz", hash = "sha256:fab03aa961be4d43290b13362a9f9801e2025ada33cbfbfaa9146efea6ab9496"},
]
"urllib3 1.26.8" = [
    {file = "urllib3-1.26.8-py2.py3-none-any.whl", hash = "sha256:000ca7f471a233c2251c6c7023ee85305721bfdf18621ebff4fd17a8653427ed"},
    {file = "urllib3-1.26.8.tar.gz", hash = "sha256:0e7c33d9a63e7ddfcb86780aac87befc2fbddf46c58dbb487e0855f7ceec283c"},
]
